{
  "nodes": {
    "nix2container": {
      "inputs": {
        "nixpkgs": "nixpkgs"
      },
      "locked": {
        "lastModified": 1767430085,
        "narHash": "sha256-SiXJ6xv4pS2MDUqfj0/mmG746cGeJrMQGmoFgHLS25Y=",
        "owner": "nlewo",
        "repo": "nix2container",
        "rev": "66f4b8a47e92aa744ec43acbb5e9185078983909",
        "type": "github"
      },
      "original": {
        "owner": "nlewo",
        "repo": "nix2container",
        "type": "github"
      }
    },
    "nixpkgs": {
      "locked": {
        "lastModified": 1767028467,
        "narHash": "sha256-7G+2aXClSMaTY1ogpX14CAxjRsvyVzpE0GRwL71WO7g=",
        "owner": "NixOS",
        "repo": "nixpkgs",
        "rev": "1cabc318c11299f07ca53e3cb719854682fe6eb3",
        "type": "github"
      },
      "original": {
        "owner": "NixOS",
        "repo": "nixpkgs",
        "type": "github"
      }
    },
    "nixpkgs_2": {
      "locked": {
        "lastModified": 1771043024,
        "narHash": "sha256-O1XDr7EWbRp+kHrNNgLWgIrB0/US5wvw9K6RERWAj6I=",
        "owner": "NixOS",
        "repo": "nixpkgs",
        "rev": "3aadb7ca9eac2891d52a9dec199d9580a6e2bf44",
        "type": "github"
      },
      "original": {
        "owner": "NixOS",
        "ref": "nixos-25.11",
        "repo": "nixpkgs",
        "type": "github"
      }
    },
    "projectPkgs": {
      "flake": false,
      "locked": {
        "path": "./nix/empty-project",
        "type": "path"
      },
      "original": {
        "path": "./nix/empty-project",
        "type": "path"
      },
      "parent": []
    },
    "root": {
      "inputs": {
        "nix2container": "nix2container",
        "nixpkgs": "nixpkgs_2",
        "projectPkgs": "projectPkgs",
        "unstable": "unstable"
      }
    },
    "unstable": {
      "locked": {
        "lastModified": 1771848320,
        "narHash": "sha256-0MAd+0mun3K/Ns8JATeHT1sX28faLII5hVLq0L3BdZU=",
        "owner": "NixOS",
        "repo": "nixpkgs",
        "rev": "2fc6539b481e1d2569f25f8799236694180c0993",
        "type": "github"
      },
      "original": {
        "owner": "NixOS",
        "ref": "nixos-unstable",
        "repo": "nixpkgs",
        "type": "github"
      }
    }
  },
  "root": "root",
  "version": 7
}
