{
  "nodes": {
    "nixpkgs": {
      "locked": {
        "lastModified": 1771043024,
        "narHash": "sha256-O1XDr7EWbRp+kHrNNgLWgIrB0/US5wvw9K6RERWAj6I=",
        "owner": "NixOS",
        "repo": "nixpkgs",
        "rev": "3aadb7ca9eac2891d52a9dec199d9580a6e2bf44",
        "type": "github"
      },
      "original": {
        "owner": "NixOS",
        "ref": "nixos-25.11",
        "repo": "nixpkgs",
        "type": "github"
      }
    },
    "projectPkgs": {
      "flake": false,
      "locked": {
        "path": "./nix/empty-project",
        "type": "path"
      },
      "original": {
        "path": "./nix/empty-project",
        "type": "path"
      },
      "parent": []
    },
    "root": {
      "inputs": {
        "nixpkgs": "nixpkgs",
        "projectPkgs": "projectPkgs",
        "unstable": "unstable"
      }
    },
    "unstable": {
      "locked": {
        "lastModified": 1771848320,
        "narHash": "sha256-0MAd+0mun3K/Ns8JATeHT1sX28faLII5hVLq0L3BdZU=",
        "owner": "NixOS",
        "repo": "nixpkgs",
        "rev": "2fc6539b481e1d2569f25f8799236694180c0993",
        "type": "github"
      },
      "original": {
        "owner": "NixOS",
        "ref": "nixos-unstable",
        "repo": "nixpkgs",
        "type": "github"
      }
    }
  },
  "root": "root",
  "version": 7
}
